
Microsoft Visual Studio Solution File, Format Version 12.00
Project("{FAE04EC0-301F-11D3-BF4B-00C04F79EFBC}") = "TSJ_System", "TSJ_System\TSJ_System.csproj", "{4364297F-59D1-42F8-BBE6-3C70958F012A}"
EndProject
Project("{2150E333-8FDC-42A3-9474-1A3956D46DE8}") = "DAL", "DAL", "{75950116-FBCB-46F7-B4EE-78E304D06027}"
EndProject
Project("{2150E333-8FDC-42A3-9474-1A3956D46DE8}") = "BLL", "BLL", "{22E3FB11-5289-4215-BE85-D388F9F0A0AB}"
EndProject
Project("{2150E333-8FDC-42A3-9474-1A3956D46DE8}") = "WEB", "WEB", "{26187415-2BA0-4B77-8834-2F2C552CA99E}"
EndProject
Project("{FAE04EC0-301F-11D3-BF4B-00C04F79EFBC}") = "DistrictDAL", "DistrictDAL\DistrictDAL.csproj", "{62736175-EF08-435E-A1EF-CBC3D11787F0}"
EndProject
Project("{FAE04EC0-301F-11D3-BF4B-00C04F79EFBC}") = "AbstractDAL", "AbstractDAL\AbstractDAL.csproj", "{9817F98B-BFAA-4FD9-B5D7-65947A3635DA}"
EndProject
Project("{2150E333-8FDC-42A3-9474-1A3956D46DE8}") = "Common", "Common", "{B0F17E81-1DD1-48A8-AE9F-EECD4459B85B}"
EndProject
Project("{FAE04EC0-301F-11D3-BF4B-00C04F79EFBC}") = "Entities", "Entities\Entities.csproj", "{F4CED12F-BB30-4800-9B14-1AA76AC5C9AB}"
EndProject
Project("{FAE04EC0-301F-11D3-BF4B-00C04F79EFBC}") = "DistrictBL", "DistrictBL\DistrictBL.csproj", "{71437D18-BF4D-407D-B6F3-C84D0225F0FD}"
EndProject
Project("{FAE04EC0-301F-11D3-BF4B-00C04F79EFBC}") = "AbstractBL", "AbstractBL\AbstractBL.csproj", "{55441D60-3511-4B5B-B3B1-D0ED0494109E}"
EndProject
Project("{FAE04EC0-301F-11D3-BF4B-00C04F79EFBC}") = "DBUtils", "DBUtils\DBUtils.csproj", "{C6A6622B-4CE1-470C-BE20-98D0E3132DA1}"
EndProject
Project("{FAE04EC0-301F-11D3-BF4B-00C04F79EFBC}") = "ManageCompanyDAL", "ManageCompanyDAL\ManageCompanyDAL.csproj", "{54D91A0E-A66A-4010-BEFC-3239FF547922}"
EndProject
Project("{FAE04EC0-301F-11D3-BF4B-00C04F79EFBC}") = "BillDAL", "BillDAL\BillDAL.csproj", "{F84E25DF-6287-464A-BC60-DCAB2DB8941C}"
EndProject
Project("{FAE04EC0-301F-11D3-BF4B-00C04F79EFBC}") = "FloatCounterDAL", "FloatCounterDAL\FloatCounterDAL.csproj", "{D0821F3D-8937-4A69-82D7-DD5C3C146B86}"
EndProject
Project("{FAE04EC0-301F-11D3-BF4B-00C04F79EFBC}") = "HouseDAL", "HouseDAL\HouseDAL.csproj", "{53676B22-271B-4E3D-8267-73DF65523856}"
EndProject
Project("{FAE04EC0-301F-11D3-BF4B-00C04F79EFBC}") = "HouseCounterDAL", "HouseCounterDAL\HouseCounterDAL.csproj", "{626ED339-AF25-44AD-A0F5-0C0500CDD3F6}"
EndProject
Project("{FAE04EC0-301F-11D3-BF4B-00C04F79EFBC}") = "JilezDAL", "JilezDAL\JilezDAL.csproj", "{00BF67EC-0996-4F0E-A45C-0E0A772CE423}"
EndProject
Project("{FAE04EC0-301F-11D3-BF4B-00C04F79EFBC}") = "ListServicesDAL", "ListServicesDAL\ListServicesDAL.csproj", "{35D94EC8-0F34-4C1D-A459-E277CFB7CD66}"
EndProject
Project("{FAE04EC0-301F-11D3-BF4B-00C04F79EFBC}") = "ReceiptDAL", "ReceiptDAL\ReceiptDAL.csproj", "{8B9F7B36-973D-43EA-9DA6-42D21D8C01C0}"
EndProject
Project("{FAE04EC0-301F-11D3-BF4B-00C04F79EFBC}") = "TsjServiceDAL", "TsjServiceDAL\TsjServiceDAL.csproj", "{460F3A9F-F6A0-47AD-8CDC-5372FECAA17B}"
EndProject
Project("{FAE04EC0-301F-11D3-BF4B-00C04F79EFBC}") = "BillBL", "BillBL\BillBL.csproj", "{4ABE8FC0-694F-4327-8CA3-C2A20CFADDA1}"
EndProject
Project("{FAE04EC0-301F-11D3-BF4B-00C04F79EFBC}") = "FloatCounterBL", "FloatCounterBL\FloatCounterBL.csproj", "{35F90BE2-CBE5-4029-B458-BE53EA7F312E}"
EndProject
Project("{FAE04EC0-301F-11D3-BF4B-00C04F79EFBC}") = "HouseBL", "HouseBL\HouseBL.csproj", "{061C9618-A8CD-4C80-8664-53C85B306736}"
EndProject
Project("{FAE04EC0-301F-11D3-BF4B-00C04F79EFBC}") = "HouseCounterBL", "HouseCounterBL\HouseCounterBL.csproj", "{8C1F34CA-0498-4355-B464-939001C82D96}"
EndProject
Project("{FAE04EC0-301F-11D3-BF4B-00C04F79EFBC}") = "JilezBL", "JilezBL\JilezBL.csproj", "{3C309AD6-460D-4457-A98A-CE15EAEEEDDC}"
EndProject
Project("{FAE04EC0-301F-11D3-BF4B-00C04F79EFBC}") = "ListServicesBL", "ListServicesBL\ListServicesBL.csproj", "{98508D7F-C703-4E06-B111-A94895D8ECC8}"
EndProject
Project("{FAE04EC0-301F-11D3-BF4B-00C04F79EFBC}") = "ManageCompanyBL", "ManageCompanyBL\ManageCompanyBL.csproj", "{C80144E6-B330-4054-9FB2-0C27BFD3A3FB}"
EndProject
Project("{FAE04EC0-301F-11D3-BF4B-00C04F79EFBC}") = "ReceiptBL", "ReceiptBL\ReceiptBL.csproj", "{3D698224-A591-420E-9831-193CF44A93AD}"
EndProject
Project("{FAE04EC0-301F-11D3-BF4B-00C04F79EFBC}") = "TsjServiceBL", "TsjServiceBL\TsjServiceBL.csproj", "{5D25312C-E3A9-4F0A-BB6B-0D7845651EA8}"
EndProject
Global
	GlobalSection(SolutionConfigurationPlatforms) = preSolution
		Debug|Any CPU = Debug|Any CPU
		Release|Any CPU = Release|Any CPU
	EndGlobalSection
	GlobalSection(ProjectConfigurationPlatforms) = postSolution
		{4364297F-59D1-42F8-BBE6-3C70958F012A}.Debug|Any CPU.ActiveCfg = Debug|Any CPU
		{4364297F-59D1-42F8-BBE6-3C70958F012A}.Debug|Any CPU.Build.0 = Debug|Any CPU
		{4364297F-59D1-42F8-BBE6-3C70958F012A}.Release|Any CPU.ActiveCfg = Release|Any CPU
		{4364297F-59D1-42F8-BBE6-3C70958F012A}.Release|Any CPU.Build.0 = Release|Any CPU
		{62736175-EF08-435E-A1EF-CBC3D11787F0}.Debug|Any CPU.ActiveCfg = Debug|Any CPU
		{62736175-EF08-435E-A1EF-CBC3D11787F0}.Debug|Any CPU.Build.0 = Debug|Any CPU
		{62736175-EF08-435E-A1EF-CBC3D11787F0}.Release|Any CPU.ActiveCfg = Release|Any CPU
		{62736175-EF08-435E-A1EF-CBC3D11787F0}.Release|Any CPU.Build.0 = Release|Any CPU
		{9817F98B-BFAA-4FD9-B5D7-65947A3635DA}.Debug|Any CPU.ActiveCfg = Debug|Any CPU
		{9817F98B-BFAA-4FD9-B5D7-65947A3635DA}.Debug|Any CPU.Build.0 = Debug|Any CPU
		{9817F98B-BFAA-4FD9-B5D7-65947A3635DA}.Release|Any CPU.ActiveCfg = Release|Any CPU
		{9817F98B-BFAA-4FD9-B5D7-65947A3635DA}.Release|Any CPU.Build.0 = Release|Any CPU
		{F4CED12F-BB30-4800-9B14-1AA76AC5C9AB}.Debug|Any CPU.ActiveCfg = Debug|Any CPU
		{F4CED12F-BB30-4800-9B14-1AA76AC5C9AB}.Debug|Any CPU.Build.0 = Debug|Any CPU
		{F4CED12F-BB30-4800-9B14-1AA76AC5C9AB}.Release|Any CPU.ActiveCfg = Release|Any CPU
		{F4CED12F-BB30-4800-9B14-1AA76AC5C9AB}.Release|Any CPU.Build.0 = Release|Any CPU
		{71437D18-BF4D-407D-B6F3-C84D0225F0FD}.Debug|Any CPU.ActiveCfg = Debug|Any CPU
		{71437D18-BF4D-407D-B6F3-C84D0225F0FD}.Debug|Any CPU.Build.0 = Debug|Any CPU
		{71437D18-BF4D-407D-B6F3-C84D0225F0FD}.Release|Any CPU.ActiveCfg = Release|Any CPU
		{71437D18-BF4D-407D-B6F3-C84D0225F0FD}.Release|Any CPU.Build.0 = Release|Any CPU
		{55441D60-3511-4B5B-B3B1-D0ED0494109E}.Debug|Any CPU.ActiveCfg = Debug|Any CPU
		{55441D60-3511-4B5B-B3B1-D0ED0494109E}.Debug|Any CPU.Build.0 = Debug|Any CPU
		{55441D60-3511-4B5B-B3B1-D0ED0494109E}.Release|Any CPU.ActiveCfg = Release|Any CPU
		{55441D60-3511-4B5B-B3B1-D0ED0494109E}.Release|Any CPU.Build.0 = Release|Any CPU
		{C6A6622B-4CE1-470C-BE20-98D0E3132DA1}.Debug|Any CPU.ActiveCfg = Debug|Any CPU
		{C6A6622B-4CE1-470C-BE20-98D0E3132DA1}.Debug|Any CPU.Build.0 = Debug|Any CPU
		{C6A6622B-4CE1-470C-BE20-98D0E3132DA1}.Release|Any CPU.ActiveCfg = Release|Any CPU
		{C6A6622B-4CE1-470C-BE20-98D0E3132DA1}.Release|Any CPU.Build.0 = Release|Any CPU
		{54D91A0E-A66A-4010-BEFC-3239FF547922}.Debug|Any CPU.ActiveCfg = Debug|Any CPU
		{54D91A0E-A66A-4010-BEFC-3239FF547922}.Debug|Any CPU.Build.0 = Debug|Any CPU
		{54D91A0E-A66A-4010-BEFC-3239FF547922}.Release|Any CPU.ActiveCfg = Release|Any CPU
		{54D91A0E-A66A-4010-BEFC-3239FF547922}.Release|Any CPU.Build.0 = Release|Any CPU
		{F84E25DF-6287-464A-BC60-DCAB2DB8941C}.Debug|Any CPU.ActiveCfg = Debug|Any CPU
		{F84E25DF-6287-464A-BC60-DCAB2DB8941C}.Debug|Any CPU.Build.0 = Debug|Any CPU
		{F84E25DF-6287-464A-BC60-DCAB2DB8941C}.Release|Any CPU.ActiveCfg = Release|Any CPU
		{F84E25DF-6287-464A-BC60-DCAB2DB8941C}.Release|Any CPU.Build.0 = Release|Any CPU
		{D0821F3D-8937-4A69-82D7-DD5C3C146B86}.Debug|Any CPU.ActiveCfg = Debug|Any CPU
		{D0821F3D-8937-4A69-82D7-DD5C3C146B86}.Debug|Any CPU.Build.0 = Debug|Any CPU
		{D0821F3D-8937-4A69-82D7-DD5C3C146B86}.Release|Any CPU.ActiveCfg = Release|Any CPU
		{D0821F3D-8937-4A69-82D7-DD5C3C146B86}.Release|Any CPU.Build.0 = Release|Any CPU
		{53676B22-271B-4E3D-8267-73DF65523856}.Debug|Any CPU.ActiveCfg = Debug|Any CPU
		{53676B22-271B-4E3D-8267-73DF65523856}.Debug|Any CPU.Build.0 = Debug|Any CPU
		{53676B22-271B-4E3D-8267-73DF65523856}.Release|Any CPU.ActiveCfg = Release|Any CPU
		{53676B22-271B-4E3D-8267-73DF65523856}.Release|Any CPU.Build.0 = Release|Any CPU
		{626ED339-AF25-44AD-A0F5-0C0500CDD3F6}.Debug|Any CPU.ActiveCfg = Debug|Any CPU
		{626ED339-AF25-44AD-A0F5-0C0500CDD3F6}.Debug|Any CPU.Build.0 = Debug|Any CPU
		{626ED339-AF25-44AD-A0F5-0C0500CDD3F6}.Release|Any CPU.ActiveCfg = Release|Any CPU
		{626ED339-AF25-44AD-A0F5-0C0500CDD3F6}.Release|Any CPU.Build.0 = Release|Any CPU
		{00BF67EC-0996-4F0E-A45C-0E0A772CE423}.Debug|Any CPU.ActiveCfg = Debug|Any CPU
		{00BF67EC-0996-4F0E-A45C-0E0A772CE423}.Debug|Any CPU.Build.0 = Debug|Any CPU
		{00BF67EC-0996-4F0E-A45C-0E0A772CE423}.Release|Any CPU.ActiveCfg = Release|Any CPU
		{00BF67EC-0996-4F0E-A45C-0E0A772CE423}.Release|Any CPU.Build.0 = Release|Any CPU
		{35D94EC8-0F34-4C1D-A459-E277CFB7CD66}.Debug|Any CPU.ActiveCfg = Debug|Any CPU
		{35D94EC8-0F34-4C1D-A459-E277CFB7CD66}.Debug|Any CPU.Build.0 = Debug|Any CPU
		{35D94EC8-0F34-4C1D-A459-E277CFB7CD66}.Release|Any CPU.ActiveCfg = Release|Any CPU
		{35D94EC8-0F34-4C1D-A459-E277CFB7CD66}.Release|Any CPU.Build.0 = Release|Any CPU
		{8B9F7B36-973D-43EA-9DA6-42D21D8C01C0}.Debug|Any CPU.ActiveCfg = Debug|Any CPU
		{8B9F7B36-973D-43EA-9DA6-42D21D8C01C0}.Debug|Any CPU.Build.0 = Debug|Any CPU
		{8B9F7B36-973D-43EA-9DA6-42D21D8C01C0}.Release|Any CPU.ActiveCfg = Release|Any CPU
		{8B9F7B36-973D-43EA-9DA6-42D21D8C01C0}.Release|Any CPU.Build.0 = Release|Any CPU
		{460F3A9F-F6A0-47AD-8CDC-5372FECAA17B}.Debug|Any CPU.ActiveCfg = Debug|Any CPU
		{460F3A9F-F6A0-47AD-8CDC-5372FECAA17B}.Debug|Any CPU.Build.0 = Debug|Any CPU
		{460F3A9F-F6A0-47AD-8CDC-5372FECAA17B}.Release|Any CPU.ActiveCfg = Release|Any CPU
		{460F3A9F-F6A0-47AD-8CDC-5372FECAA17B}.Release|Any CPU.Build.0 = Release|Any CPU
		{4ABE8FC0-694F-4327-8CA3-C2A20CFADDA1}.Debug|Any CPU.ActiveCfg = Debug|Any CPU
		{4ABE8FC0-694F-4327-8CA3-C2A20CFADDA1}.Debug|Any CPU.Build.0 = Debug|Any CPU
		{4ABE8FC0-694F-4327-8CA3-C2A20CFADDA1}.Release|Any CPU.ActiveCfg = Release|Any CPU
		{4ABE8FC0-694F-4327-8CA3-C2A20CFADDA1}.Release|Any CPU.Build.0 = Release|Any CPU
		{35F90BE2-CBE5-4029-B458-BE53EA7F312E}.Debug|Any CPU.ActiveCfg = Debug|Any CPU
		{35F90BE2-CBE5-4029-B458-BE53EA7F312E}.Debug|Any CPU.Build.0 = Debug|Any CPU
		{35F90BE2-CBE5-4029-B458-BE53EA7F312E}.Release|Any CPU.ActiveCfg = Release|Any CPU
		{35F90BE2-CBE5-4029-B458-BE53EA7F312E}.Release|Any CPU.Build.0 = Release|Any CPU
		{061C9618-A8CD-4C80-8664-53C85B306736}.Debug|Any CPU.ActiveCfg = Debug|Any CPU
		{061C9618-A8CD-4C80-8664-53C85B306736}.Debug|Any CPU.Build.0 = Debug|Any CPU
		{061C9618-A8CD-4C80-8664-53C85B306736}.Release|Any CPU.ActiveCfg = Release|Any CPU
		{061C9618-A8CD-4C80-8664-53C85B306736}.Release|Any CPU.Build.0 = Release|Any CPU
		{8C1F34CA-0498-4355-B464-939001C82D96}.Debug|Any CPU.ActiveCfg = Debug|Any CPU
		{8C1F34CA-0498-4355-B464-939001C82D96}.Debug|Any CPU.Build.0 = Debug|Any CPU
		{8C1F34CA-0498-4355-B464-939001C82D96}.Release|Any CPU.ActiveCfg = Release|Any CPU
		{8C1F34CA-0498-4355-B464-939001C82D96}.Release|Any CPU.Build.0 = Release|Any CPU
		{3C309AD6-460D-4457-A98A-CE15EAEEEDDC}.Debug|Any CPU.ActiveCfg = Debug|Any CPU
		{3C309AD6-460D-4457-A98A-CE15EAEEEDDC}.Debug|Any CPU.Build.0 = Debug|Any CPU
		{3C309AD6-460D-4457-A98A-CE15EAEEEDDC}.Release|Any CPU.ActiveCfg = Release|Any CPU
		{3C309AD6-460D-4457-A98A-CE15EAEEEDDC}.Release|Any CPU.Build.0 = Release|Any CPU
		{98508D7F-C703-4E06-B111-A94895D8ECC8}.Debug|Any CPU.ActiveCfg = Debug|Any CPU
		{98508D7F-C703-4E06-B111-A94895D8ECC8}.Debug|Any CPU.Build.0 = Debug|Any CPU
		{98508D7F-C703-4E06-B111-A94895D8ECC8}.Release|Any CPU.ActiveCfg = Release|Any CPU
		{98508D7F-C703-4E06-B111-A94895D8ECC8}.Release|Any CPU.Build.0 = Release|Any CPU
		{C80144E6-B330-4054-9FB2-0C27BFD3A3FB}.Debug|Any CPU.ActiveCfg = Debug|Any CPU
		{C80144E6-B330-4054-9FB2-0C27BFD3A3FB}.Debug|Any CPU.Build.0 = Debug|Any CPU
		{C80144E6-B330-4054-9FB2-0C27BFD3A3FB}.Release|Any CPU.ActiveCfg = Release|Any CPU
		{C80144E6-B330-4054-9FB2-0C27BFD3A3FB}.Release|Any CPU.Build.0 = Release|Any CPU
		{3D698224-A591-420E-9831-193CF44A93AD}.Debug|Any CPU.ActiveCfg = Debug|Any CPU
		{3D698224-A591-420E-9831-193CF44A93AD}.Debug|Any CPU.Build.0 = Debug|Any CPU
		{3D698224-A591-420E-9831-193CF44A93AD}.Release|Any CPU.ActiveCfg = Release|Any CPU
		{3D698224-A591-420E-9831-193CF44A93AD}.Release|Any CPU.Build.0 = Release|Any CPU
		{5D25312C-E3A9-4F0A-BB6B-0D7845651EA8}.Debug|Any CPU.ActiveCfg = Debug|Any CPU
		{5D25312C-E3A9-4F0A-BB6B-0D7845651EA8}.Debug|Any CPU.Build.0 = Debug|Any CPU
		{5D25312C-E3A9-4F0A-BB6B-0D7845651EA8}.Release|Any CPU.ActiveCfg = Release|Any CPU
		{5D25312C-E3A9-4F0A-BB6B-0D7845651EA8}.Release|Any CPU.Build.0 = Release|Any CPU
	EndGlobalSection
	GlobalSection(NestedProjects) = preSolution
		{4364297F-59D1-42F8-BBE6-3C70958F012A} = {26187415-2BA0-4B77-8834-2F2C552CA99E}
		{62736175-EF08-435E-A1EF-CBC3D11787F0} = {75950116-FBCB-46F7-B4EE-78E304D06027}
		{9817F98B-BFAA-4FD9-B5D7-65947A3635DA} = {75950116-FBCB-46F7-B4EE-78E304D06027}
		{F4CED12F-BB30-4800-9B14-1AA76AC5C9AB} = {B0F17E81-1DD1-48A8-AE9F-EECD4459B85B}
		{71437D18-BF4D-407D-B6F3-C84D0225F0FD} = {22E3FB11-5289-4215-BE85-D388F9F0A0AB}
		{55441D60-3511-4B5B-B3B1-D0ED0494109E} = {22E3FB11-5289-4215-BE85-D388F9F0A0AB}
		{C6A6622B-4CE1-470C-BE20-98D0E3132DA1} = {B0F17E81-1DD1-48A8-AE9F-EECD4459B85B}
		{54D91A0E-A66A-4010-BEFC-3239FF547922} = {75950116-FBCB-46F7-B4EE-78E304D06027}
		{F84E25DF-6287-464A-BC60-DCAB2DB8941C} = {75950116-FBCB-46F7-B4EE-78E304D06027}
		{D0821F3D-8937-4A69-82D7-DD5C3C146B86} = {75950116-FBCB-46F7-B4EE-78E304D06027}
		{53676B22-271B-4E3D-8267-73DF65523856} = {75950116-FBCB-46F7-B4EE-78E304D06027}
		{626ED339-AF25-44AD-A0F5-0C0500CDD3F6} = {75950116-FBCB-46F7-B4EE-78E304D06027}
		{00BF67EC-0996-4F0E-A45C-0E0A772CE423} = {75950116-FBCB-46F7-B4EE-78E304D06027}
		{35D94EC8-0F34-4C1D-A459-E277CFB7CD66} = {75950116-FBCB-46F7-B4EE-78E304D06027}
		{8B9F7B36-973D-43EA-9DA6-42D21D8C01C0} = {75950116-FBCB-46F7-B4EE-78E304D06027}
		{460F3A9F-F6A0-47AD-8CDC-5372FECAA17B} = {75950116-FBCB-46F7-B4EE-78E304D06027}
		{4ABE8FC0-694F-4327-8CA3-C2A20CFADDA1} = {22E3FB11-5289-4215-BE85-D388F9F0A0AB}
		{35F90BE2-CBE5-4029-B458-BE53EA7F312E} = {22E3FB11-5289-4215-BE85-D388F9F0A0AB}
		{061C9618-A8CD-4C80-8664-53C85B306736} = {22E3FB11-5289-4215-BE85-D388F9F0A0AB}
		{8C1F34CA-0498-4355-B464-939001C82D96} = {22E3FB11-5289-4215-BE85-D388F9F0A0AB}
		{3C309AD6-460D-4457-A98A-CE15EAEEEDDC} = {22E3FB11-5289-4215-BE85-D388F9F0A0AB}
		{98508D7F-C703-4E06-B111-A94895D8ECC8} = {22E3FB11-5289-4215-BE85-D388F9F0A0AB}
		{C80144E6-B330-4054-9FB2-0C27BFD3A3FB} = {22E3FB11-5289-4215-BE85-D388F9F0A0AB}
		{3D698224-A591-420E-9831-193CF44A93AD} = {22E3FB11-5289-4215-BE85-D388F9F0A0AB}
		{5D25312C-E3A9-4F0A-BB6B-0D7845651EA8} = {22E3FB11-5289-4215-BE85-D388F9F0A0AB}
	EndGlobalSection
EndGlobal
