
Microsoft Visual Studio Solution File, Format Version 12.00
Project("{FAE04EC0-301F-11D3-BF4B-00C04F79EFBC}") = "TSJ_System", "TSJ_System\TSJ_System.csproj", "{4364297F-59D1-42F8-BBE6-3C70958F012A}"
EndProject
Project("{2150E333-8FDC-42A3-9474-1A3956D46DE8}") = "DAL", "DAL", "{75950116-FBCB-46F7-B4EE-78E304D06027}"
EndProject
Project("{2150E333-8FDC-42A3-9474-1A3956D46DE8}") = "BLL", "BLL", "{22E3FB11-5289-4215-BE85-D388F9F0A0AB}"
EndProject
Project("{2150E333-8FDC-42A3-9474-1A3956D46DE8}") = "WEB", "WEB", "{26187415-2BA0-4B77-8834-2F2C552CA99E}"
EndProject
Project("{FAE04EC0-301F-11D3-BF4B-00C04F79EFBC}") = "DistrictDAL", "DistrictDAL\DistrictDAL.csproj", "{62736175-EF08-435E-A1EF-CBC3D11787F0}"
EndProject
Project("{FAE04EC0-301F-11D3-BF4B-00C04F79EFBC}") = "AbstractDAL", "AbstractDAL\AbstractDAL.csproj", "{9817F98B-BFAA-4FD9-B5D7-65947A3635DA}"
EndProject
Project("{2150E333-8FDC-42A3-9474-1A3956D46DE8}") = "Common", "Common", "{B0F17E81-1DD1-48A8-AE9F-EECD4459B85B}"
EndProject
Project("{FAE04EC0-301F-11D3-BF4B-00C04F79EFBC}") = "Entities", "Entities\Entities.csproj", "{F4CED12F-BB30-4800-9B14-1AA76AC5C9AB}"
EndProject
Project("{FAE04EC0-301F-11D3-BF4B-00C04F79EFBC}") = "DistrictBL", "DistrictBL\DistrictBL.csproj", "{71437D18-BF4D-407D-B6F3-C84D0225F0FD}"
EndProject
Project("{FAE04EC0-301F-11D3-BF4B-00C04F79EFBC}") = "AbstractBLL", "AbstractBLL\AbstractBLL.csproj", "{55441D60-3511-4B5B-B3B1-D0ED0494109E}"
EndProject
Project("{FAE04EC0-301F-11D3-BF4B-00C04F79EFBC}") = "DBUtils", "DBUtils\DBUtils.csproj", "{C6A6622B-4CE1-470C-BE20-98D0E3132DA1}"
EndProject
Project("{FAE04EC0-301F-11D3-BF4B-00C04F79EFBC}") = "ManageCompanyDAO", "ManageCompanyDAO\ManageCompanyDAO.csproj", "{54D91A0E-A66A-4010-BEFC-3239FF547922}"
EndProject
Global
	GlobalSection(SolutionConfigurationPlatforms) = preSolution
		Debug|Any CPU = Debug|Any CPU
		Release|Any CPU = Release|Any CPU
	EndGlobalSection
	GlobalSection(ProjectConfigurationPlatforms) = postSolution
		{4364297F-59D1-42F8-BBE6-3C70958F012A}.Debug|Any CPU.ActiveCfg = Debug|Any CPU
		{4364297F-59D1-42F8-BBE6-3C70958F012A}.Debug|Any CPU.Build.0 = Debug|Any CPU
		{4364297F-59D1-42F8-BBE6-3C70958F012A}.Release|Any CPU.ActiveCfg = Release|Any CPU
		{4364297F-59D1-42F8-BBE6-3C70958F012A}.Release|Any CPU.Build.0 = Release|Any CPU
		{62736175-EF08-435E-A1EF-CBC3D11787F0}.Debug|Any CPU.ActiveCfg = Debug|Any CPU
		{62736175-EF08-435E-A1EF-CBC3D11787F0}.Debug|Any CPU.Build.0 = Debug|Any CPU
		{62736175-EF08-435E-A1EF-CBC3D11787F0}.Release|Any CPU.ActiveCfg = Release|Any CPU
		{62736175-EF08-435E-A1EF-CBC3D11787F0}.Release|Any CPU.Build.0 = Release|Any CPU
		{9817F98B-BFAA-4FD9-B5D7-65947A3635DA}.Debug|Any CPU.ActiveCfg = Debug|Any CPU
		{9817F98B-BFAA-4FD9-B5D7-65947A3635DA}.Debug|Any CPU.Build.0 = Debug|Any CPU
		{9817F98B-BFAA-4FD9-B5D7-65947A3635DA}.Release|Any CPU.ActiveCfg = Release|Any CPU
		{9817F98B-BFAA-4FD9-B5D7-65947A3635DA}.Release|Any CPU.Build.0 = Release|Any CPU
		{F4CED12F-BB30-4800-9B14-1AA76AC5C9AB}.Debug|Any CPU.ActiveCfg = Debug|Any CPU
		{F4CED12F-BB30-4800-9B14-1AA76AC5C9AB}.Debug|Any CPU.Build.0 = Debug|Any CPU
		{F4CED12F-BB30-4800-9B14-1AA76AC5C9AB}.Release|Any CPU.ActiveCfg = Release|Any CPU
		{F4CED12F-BB30-4800-9B14-1AA76AC5C9AB}.Release|Any CPU.Build.0 = Release|Any CPU
		{71437D18-BF4D-407D-B6F3-C84D0225F0FD}.Debug|Any CPU.ActiveCfg = Debug|Any CPU
		{71437D18-BF4D-407D-B6F3-C84D0225F0FD}.Debug|Any CPU.Build.0 = Debug|Any CPU
		{71437D18-BF4D-407D-B6F3-C84D0225F0FD}.Release|Any CPU.ActiveCfg = Release|Any CPU
		{71437D18-BF4D-407D-B6F3-C84D0225F0FD}.Release|Any CPU.Build.0 = Release|Any CPU
		{55441D60-3511-4B5B-B3B1-D0ED0494109E}.Debug|Any CPU.ActiveCfg = Debug|Any CPU
		{55441D60-3511-4B5B-B3B1-D0ED0494109E}.Debug|Any CPU.Build.0 = Debug|Any CPU
		{55441D60-3511-4B5B-B3B1-D0ED0494109E}.Release|Any CPU.ActiveCfg = Release|Any CPU
		{55441D60-3511-4B5B-B3B1-D0ED0494109E}.Release|Any CPU.Build.0 = Release|Any CPU
		{C6A6622B-4CE1-470C-BE20-98D0E3132DA1}.Debug|Any CPU.ActiveCfg = Debug|Any CPU
		{C6A6622B-4CE1-470C-BE20-98D0E3132DA1}.Debug|Any CPU.Build.0 = Debug|Any CPU
		{C6A6622B-4CE1-470C-BE20-98D0E3132DA1}.Release|Any CPU.ActiveCfg = Release|Any CPU
		{C6A6622B-4CE1-470C-BE20-98D0E3132DA1}.Release|Any CPU.Build.0 = Release|Any CPU
		{54D91A0E-A66A-4010-BEFC-3239FF547922}.Debug|Any CPU.ActiveCfg = Debug|Any CPU
		{54D91A0E-A66A-4010-BEFC-3239FF547922}.Debug|Any CPU.Build.0 = Debug|Any CPU
		{54D91A0E-A66A-4010-BEFC-3239FF547922}.Release|Any CPU.ActiveCfg = Release|Any CPU
		{54D91A0E-A66A-4010-BEFC-3239FF547922}.Release|Any CPU.Build.0 = Release|Any CPU
	EndGlobalSection
	GlobalSection(NestedProjects) = preSolution
		{4364297F-59D1-42F8-BBE6-3C70958F012A} = {26187415-2BA0-4B77-8834-2F2C552CA99E}
		{62736175-EF08-435E-A1EF-CBC3D11787F0} = {75950116-FBCB-46F7-B4EE-78E304D06027}
		{9817F98B-BFAA-4FD9-B5D7-65947A3635DA} = {75950116-FBCB-46F7-B4EE-78E304D06027}
		{F4CED12F-BB30-4800-9B14-1AA76AC5C9AB} = {B0F17E81-1DD1-48A8-AE9F-EECD4459B85B}
		{71437D18-BF4D-407D-B6F3-C84D0225F0FD} = {22E3FB11-5289-4215-BE85-D388F9F0A0AB}
		{55441D60-3511-4B5B-B3B1-D0ED0494109E} = {22E3FB11-5289-4215-BE85-D388F9F0A0AB}
		{C6A6622B-4CE1-470C-BE20-98D0E3132DA1} = {B0F17E81-1DD1-48A8-AE9F-EECD4459B85B}
		{54D91A0E-A66A-4010-BEFC-3239FF547922} = {75950116-FBCB-46F7-B4EE-78E304D06027}
	EndGlobalSection
EndGlobal
